<Solution>
  <Project Path="Core/Core.csproj"/>
  <Project Path="Tests/Core.test/Core.test.csproj"/>
  <Project Path="Simulation/Simulation.csproj"/>
  <Project Path="Tests/Simulation.test/Simulation.test.csproj"/>
  <Project Path="Benchmark/Core.Benchmark/Core.Benchmark.csproj"/>
  <Project Path="Benchmark/Simulation.Benchmark/Simulation.Benchmark.csproj"/>
</Solution>